
Microsoft Visual Studio Solution File, Format Version 12.00
# Visual Studio Version 16
VisualStudioVersion = 16.0.31702.278
MinimumVisualStudioVersion = 10.0.40219.1
Project("{9A19103F-16F7-4668-BE54-9A1E7A4F7556}") = "DevIO.Business", "src\DevIO.Business\DevIO.Business.csproj", "{90740578-317C-451F-A842-E60997DEA63E}"
EndProject
Project("{9A19103F-16F7-4668-BE54-9A1E7A4F7556}") = "DevIO.Data", "src\DevIO.Data\DevIO.Data.csproj", "{8F402FB9-52C4-4126-80D8-12E92BEB4276}"
EndProject
Project("{FAE04EC0-301F-11D3-BF4B-00C04F79EFBC}") = "Dev.IO.Api", "src\Dev.IO.Api\Dev.IO.Api.csproj", "{302A580E-DD57-4082-86F5-4409C03299E7}"
EndProject
Global
	GlobalSection(SolutionConfigurationPlatforms) = preSolution
		Debug|Any CPU = Debug|Any CPU
		Release|Any CPU = Release|Any CPU
	EndGlobalSection
	GlobalSection(ProjectConfigurationPlatforms) = postSolution
		{90740578-317C-451F-A842-E60997DEA63E}.Debug|Any CPU.ActiveCfg = Debug|Any CPU
		{90740578-317C-451F-A842-E60997DEA63E}.Debug|Any CPU.Build.0 = Debug|Any CPU
		{90740578-317C-451F-A842-E60997DEA63E}.Release|Any CPU.ActiveCfg = Release|Any CPU
		{90740578-317C-451F-A842-E60997DEA63E}.Release|Any CPU.Build.0 = Release|Any CPU
		{8F402FB9-52C4-4126-80D8-12E92BEB4276}.Debug|Any CPU.ActiveCfg = Debug|Any CPU
		{8F402FB9-52C4-4126-80D8-12E92BEB4276}.Debug|Any CPU.Build.0 = Debug|Any CPU
		{8F402FB9-52C4-4126-80D8-12E92BEB4276}.Release|Any CPU.ActiveCfg = Release|Any CPU
		{8F402FB9-52C4-4126-80D8-12E92BEB4276}.Release|Any CPU.Build.0 = Release|Any CPU
		{302A580E-DD57-4082-86F5-4409C03299E7}.Debug|Any CPU.ActiveCfg = Debug|Any CPU
		{302A580E-DD57-4082-86F5-4409C03299E7}.Debug|Any CPU.Build.0 = Debug|Any CPU
		{302A580E-DD57-4082-86F5-4409C03299E7}.Release|Any CPU.ActiveCfg = Release|Any CPU
		{302A580E-DD57-4082-86F5-4409C03299E7}.Release|Any CPU.Build.0 = Release|Any CPU
	EndGlobalSection
	GlobalSection(SolutionProperties) = preSolution
		HideSolutionNode = FALSE
	EndGlobalSection
	GlobalSection(ExtensibilityGlobals) = postSolution
		SolutionGuid = {04BF36E6-31F3-406D-BC36-3206CE8C3936}
	EndGlobalSection
EndGlobal
